
Microsoft Visual Studio Solution File, Format Version 12.00
# Visual Studio Version 16
VisualStudioVersion = 16.0.32126.315
MinimumVisualStudioVersion = 10.0.40219.1
Project("{9A19103F-16F7-4668-BE54-9A1E7A4F7556}") = "Banking", "Banking\Banking.csproj", "{3F7CA0BA-D573-448C-BB3E-5A479AB037B5}"
EndProject
Project("{9A19103F-16F7-4668-BE54-9A1E7A4F7556}") = "Banking.Tests.Acceptance", "Banking.Tests.Acceptance\Banking.Tests.Acceptance.csproj", "{D2619F5D-ED69-45D1-BE11-04BFE62FB149}"
EndProject
Project("{9A19103F-16F7-4668-BE54-9A1E7A4F7556}") = "Banking.Tests.Unit", "Banking.Tests.Unit\Banking.Tests.Unit.csproj", "{0479FEAF-95E7-4ABE-9208-85B25B96ED01}"
EndProject
Global
	GlobalSection(SolutionConfigurationPlatforms) = preSolution
		Debug|Any CPU = Debug|Any CPU
		Release|Any CPU = Release|Any CPU
	EndGlobalSection
	GlobalSection(ProjectConfigurationPlatforms) = postSolution
		{3F7CA0BA-D573-448C-BB3E-5A479AB037B5}.Debug|Any CPU.ActiveCfg = Debug|Any CPU
		{3F7CA0BA-D573-448C-BB3E-5A479AB037B5}.Debug|Any CPU.Build.0 = Debug|Any CPU
		{3F7CA0BA-D573-448C-BB3E-5A479AB037B5}.Release|Any CPU.ActiveCfg = Release|Any CPU
		{3F7CA0BA-D573-448C-BB3E-5A479AB037B5}.Release|Any CPU.Build.0 = Release|Any CPU
		{D2619F5D-ED69-45D1-BE11-04BFE62FB149}.Debug|Any CPU.ActiveCfg = Debug|Any CPU
		{D2619F5D-ED69-45D1-BE11-04BFE62FB149}.Debug|Any CPU.Build.0 = Debug|Any CPU
		{D2619F5D-ED69-45D1-BE11-04BFE62FB149}.Release|Any CPU.ActiveCfg = Release|Any CPU
		{D2619F5D-ED69-45D1-BE11-04BFE62FB149}.Release|Any CPU.Build.0 = Release|Any CPU
		{0479FEAF-95E7-4ABE-9208-85B25B96ED01}.Debug|Any CPU.ActiveCfg = Debug|Any CPU
		{0479FEAF-95E7-4ABE-9208-85B25B96ED01}.Debug|Any CPU.Build.0 = Debug|Any CPU
		{0479FEAF-95E7-4ABE-9208-85B25B96ED01}.Release|Any CPU.ActiveCfg = Release|Any CPU
		{0479FEAF-95E7-4ABE-9208-85B25B96ED01}.Release|Any CPU.Build.0 = Release|Any CPU
	EndGlobalSection
	GlobalSection(SolutionProperties) = preSolution
		HideSolutionNode = FALSE
	EndGlobalSection
	GlobalSection(ExtensibilityGlobals) = postSolution
		SolutionGuid = {1992EF93-0960-4742-A3B5-6F7BF1580DA0}
	EndGlobalSection
EndGlobal
